<?xml version="1.0" encoding="utf-8"?>
<Project ToolsVersion="17.0" xmlns="http://schemas.microsoft.com/developer/msbuild/2003">
  <ItemGroup>
    <ClCompile Include="F:\Ray_tracing\Ray_tracing\cpp1\main.cpp">
      <Filter>Source Files</Filter>
    </ClCompile>
  </ItemGroup>
  <ItemGroup>
    <CustomBuild Include="F:\Ray_tracing\Ray_tracing\cpp1\CMakeLists.txt" />
  </ItemGroup>
  <ItemGroup>
    <Filter Include="Source Files">
      <UniqueIdentifier>{DAA17AC8-EA82-30A0-BDC5-81A23DB472C7}</UniqueIdentifier>
    </Filter>
  </ItemGroup>
</Project>
