<?xml version="1.0" encoding="utf-8"?>
<Project ToolsVersion="17.0" xmlns="http://schemas.microsoft.com/developer/msbuild/2003">
  <ItemGroup>
    <CustomBuild Include="F:\Ray_tracing\Ray_tracing\cpp1\build5\CMakeFiles\463dd2986ac470c30ec4c1284cf7ef1a\generate.stamp.rule">
      <Filter>CMake Rules</Filter>
    </CustomBuild>
  </ItemGroup>
  <ItemGroup>
    <Filter Include="CMake Rules">
      <UniqueIdentifier>{D610294C-BE9A-311C-993D-964D36B3BDE3}</UniqueIdentifier>
    </Filter>
  </ItemGroup>
</Project>
